<Solution>
  <Folder Name="/Solution Items/">
    <File Path="README.md" />
    <File Path="sample files/big box v3.igs" />
    <File Path="sample files/big box v3.svg" />
    <File Path="sample files/big box v3d.svg" />
  </Folder>
  <Project Path="external/iges/src/IxMilia.Iges/IxMilia.Iges.csproj" />
  <Project Path="LaserConvert/LaserConvert.csproj" />
</Solution>
